Microsoft Visual Studio Solution File, Format Version 12.00
# Visual Studio Version 16
VisualStudioVersion = 16.0.30413.136
MinimumVisualStudioVersion = 10.0.40219.1
Project("{FAE04EC0-301F-11D3-BF4B-00C04F79EFBC}") = "SpotifyNowPlaying", "SpotifyNowPlaying\SpotifyNowPlaying.csproj", "{5B2C518B-D5A1-41DC-991B-F8BC154DB370}"
EndProject
Project("{2150E333-8FDC-42A3-9474-1A3956D46DE8}") = "Solution Items", "Solution Items", "{D96821DF-CDE1-48C6-9E73-E5FB6423A504}"
	ProjectSection(SolutionItems) = preProject
		.editorconfig = .editorconfig
		README.md = README.md
	EndProjectSection
EndProject
Global
	GlobalSection(SolutionConfigurationPlatforms) = preSolution
		Debug|Any CPU = Debug|Any CPU
		Release|Any CPU = Release|Any CPU
	EndGlobalSection
	GlobalSection(ProjectConfigurationPlatforms) = postSolution
		{5B2C518B-D5A1-41DC-991B-F8BC154DB370}.Debug|Any CPU.ActiveCfg = Debug|Any CPU
		{5B2C518B-D5A1-41DC-991B-F8BC154DB370}.Debug|Any CPU.Build.0 = Debug|Any CPU
		{5B2C518B-D5A1-41DC-991B-F8BC154DB370}.Release|Any CPU.ActiveCfg = Release|Any CPU
		{5B2C518B-D5A1-41DC-991B-F8BC154DB370}.Release|Any CPU.Build.0 = Release|Any CPU
	EndGlobalSection
	GlobalSection(SolutionProperties) = preSolution
		HideSolutionNode = FALSE
	EndGlobalSection
	GlobalSection(ExtensibilityGlobals) = postSolution
		SolutionGuid = {2D1E0F10-6F72-4370-836C-B257A6AD3FBE}
	EndGlobalSection
EndGlobal
